[{<<"cuttlefish">>,
  {git,"https://github.com/cmeiklejohn/cuttlefish.git",
       {ref,"91652f56044e4956e38e51701033bb7232d9acf8"}},
  0},
 {<<"getopt">>,
  {git,"https://github.com/basho/getopt.git",
       {ref,"388dc95caa7fb97ec7db8cfc39246a36aba61bd8"}},
  1},
 {<<"goldrush">>,
  {git,"https://github.com/basho/goldrush.git",
       {ref,"8f1b715d36b650ec1e1f5612c00e28af6ab0de82"}},
  2},
 {<<"lager">>,
  {git,"https://github.com/basho/lager.git",
       {ref,"81eaef0ce98fdbf64ab95665e3bc2ec4b24c7dac"}},
  1},
 {<<"meck">>,
  {git,"https://github.com/basho/meck.git",
       {ref,"dde759050eff19a1a80fd854d7375174b191665d"}},
  0},
 {<<"neotoma">>,
  {git,"https://github.com/basho/neotoma.git",
       {ref,"9e57d8ebd4ebb02c3e2428b08f3a01e2ff834ce2"}},
  1}].
